// !$*UTF8*$!
{
	archiveVersion = 1;
	classes = {
	};
	objectVersion = 55;
	objects = {

/* Begin PBXBuildFile section */
		711208A22911D1BA00E7784A /* AppDelegate.swift in Sources */ = {isa = PBXBuildFile; fileRef = 711208A12911D1BA00E7784A /* AppDelegate.swift */; };
		711208A42911D1BA00E7784A /* SceneDelegate.swift in Sources */ = {isa = PBXBuildFile; fileRef = 711208A32911D1BA00E7784A /* SceneDelegate.swift */; };
		711208AB2911D1BB00E7784A /* Assets.xcassets in Resources */ = {isa = PBXBuildFile; fileRef = 711208AA2911D1BB00E7784A /* Assets.xcassets */; };
		711208AE2911D1BB00E7784A /* LaunchScreen.storyboard in Resources */ = {isa = PBXBuildFile; fileRef = 711208AC2911D1BB00E7784A /* LaunchScreen.storyboard */; };
		711208B82911D30000E7784A /* LoginViewController.swift in Sources */ = {isa = PBXBuildFile; fileRef = 711208B72911D30000E7784A /* LoginViewController.swift */; };
		711208BA2911D32100E7784A /* Main.storyboard in Resources */ = {isa = PBXBuildFile; fileRef = 711208B92911D32100E7784A /* Main.storyboard */; };
		711BC6CF2914BF06004721F1 /* Group.swift in Sources */ = {isa = PBXBuildFile; fileRef = 711BC6CE2914BF06004721F1 /* Group.swift */; };
		711BC6D12914BF48004721F1 /* GroupTableViewController.swift in Sources */ = {isa = PBXBuildFile; fileRef = 711BC6D02914BF48004721F1 /* GroupTableViewController.swift */; };
		711BC6D32914C1B3004721F1 /* GroupTableViewCell.swift in Sources */ = {isa = PBXBuildFile; fileRef = 711BC6D22914C1B3004721F1 /* GroupTableViewCell.swift */; };
		711BC6D52914D84E004721F1 /* AvatarView.swift in Sources */ = {isa = PBXBuildFile; fileRef = 711BC6D42914D84E004721F1 /* AvatarView.swift */; };
		711BC6D72914D8A0004721F1 /* LikeControl.swift in Sources */ = {isa = PBXBuildFile; fileRef = 711BC6D62914D8A0004721F1 /* LikeControl.swift */; };
		7170FC91291E5AA400069CF2 /* CustomInteractiveTransition.swift in Sources */ = {isa = PBXBuildFile; fileRef = 7170FC90291E5AA400069CF2 /* CustomInteractiveTransition.swift */; };
		7170FC93291E5B1000069CF2 /* CustomPopAnimator.swift in Sources */ = {isa = PBXBuildFile; fileRef = 7170FC92291E5B1000069CF2 /* CustomPopAnimator.swift */; };
		7170FC95291E5B3500069CF2 /* CustomPushAnimator.swift in Sources */ = {isa = PBXBuildFile; fileRef = 7170FC94291E5B3500069CF2 /* CustomPushAnimator.swift */; };
		7170FC97291E5B8900069CF2 /* CustomViewController.swift in Sources */ = {isa = PBXBuildFile; fileRef = 7170FC96291E5B8900069CF2 /* CustomViewController.swift */; };
		7185152B2914AB3200944220 /* FriendsTableViewController.swift in Sources */ = {isa = PBXBuildFile; fileRef = 7185152A2914AB3200944220 /* FriendsTableViewController.swift */; };
		718515312914ABDE00944220 /* Friend.swift in Sources */ = {isa = PBXBuildFile; fileRef = 718515302914ABDE00944220 /* Friend.swift */; };
		718515332914AD3E00944220 /* FriendsTableViewCell.swift in Sources */ = {isa = PBXBuildFile; fileRef = 718515322914AD3E00944220 /* FriendsTableViewCell.swift */; };
		71B001DB291B755600F250B4 /* NewsTableViewController.swift in Sources */ = {isa = PBXBuildFile; fileRef = 71B001DA291B755600F250B4 /* NewsTableViewController.swift */; };
		71B001DE291B75B000F250B4 /* NewsTableViewCell.swift in Sources */ = {isa = PBXBuildFile; fileRef = 71B001DC291B75B000F250B4 /* NewsTableViewCell.swift */; };
		71B001DF291B75B000F250B4 /* NewsTableViewCell.xib in Resources */ = {isa = PBXBuildFile; fileRef = 71B001DD291B75B000F250B4 /* NewsTableViewCell.xib */; };
		71B001E1291B82AD00F250B4 /* Post.swift in Sources */ = {isa = PBXBuildFile; fileRef = 71B001E0291B82AD00F250B4 /* Post.swift */; };
		71BBEBEB291CEE32004D797D /* FriendPhotoViewController.swift in Sources */ = {isa = PBXBuildFile; fileRef = 71BBEBEA291CEE32004D797D /* FriendPhotoViewController.swift */; };
		71CA78362912FEC500A39980 /* UIViewController + Extension.swift in Sources */ = {isa = PBXBuildFile; fileRef = 71CA78352912FEC500A39980 /* UIViewController + Extension.swift */; };
		71CA78382913054200A39980 /* Colors.xcassets in Resources */ = {isa = PBXBuildFile; fileRef = 71CA78372913054200A39980 /* Colors.xcassets */; };
		71CFE853291C04DD00A4746C /* LoadDotsView.swift in Sources */ = {isa = PBXBuildFile; fileRef = 71CFE852291C04DD00A4746C /* LoadDotsView.swift */; };
/* End PBXBuildFile section */

/* Begin PBXFileReference section */
		7112089E2911D1BA00E7784A /* vkHW.app */ = {isa = PBXFileReference; explicitFileType = wrapper.application; includeInIndex = 0; path = vkHW.app; sourceTree = BUILT_PRODUCTS_DIR; };
		711208A12911D1BA00E7784A /* AppDelegate.swift */ = {isa = PBXFileReference; lastKnownFileType = sourcecode.swift; path = AppDelegate.swift; sourceTree = "<group>"; };
		711208A32911D1BA00E7784A /* SceneDelegate.swift */ = {isa = PBXFileReference; lastKnownFileType = sourcecode.swift; path = SceneDelegate.swift; sourceTree = "<group>"; };
		711208AA2911D1BB00E7784A /* Assets.xcassets */ = {isa = PBXFileReference; lastKnownFileType = folder.assetcatalog; path = Assets.xcassets; sourceTree = "<group>"; };
		711208AD2911D1BB00E7784A /* Base */ = {isa = PBXFileReference; lastKnownFileType = file.storyboard; name = Base; path = Base.lproj/LaunchScreen.storyboard; sourceTree = "<group>"; };
		711208AF2911D1BB00E7784A /* Info.plist */ = {isa = PBXFileReference; lastKnownFileType = text.plist.xml; path = Info.plist; sourceTree = "<group>"; };
		711208B72911D30000E7784A /* LoginViewController.swift */ = {isa = PBXFileReference; fileEncoding = 4; lastKnownFileType = sourcecode.swift; path = LoginViewController.swift; sourceTree = "<group>"; };
		711208B92911D32100E7784A /* Main.storyboard */ = {isa = PBXFileReference; fileEncoding = 4; lastKnownFileType = file.storyboard; path = Main.storyboard; sourceTree = "<group>"; };
		711BC6CE2914BF06004721F1 /* Group.swift */ = {isa = PBXFileReference; lastKnownFileType = sourcecode.swift; path = Group.swift; sourceTree = "<group>"; };
		711BC6D02914BF48004721F1 /* GroupTableViewController.swift */ = {isa = PBXFileReference; lastKnownFileType = sourcecode.swift; path = GroupTableViewController.swift; sourceTree = "<group>"; };
		711BC6D22914C1B3004721F1 /* GroupTableViewCell.swift */ = {isa = PBXFileReference; lastKnownFileType = sourcecode.swift; path = GroupTableViewCell.swift; sourceTree = "<group>"; };
		711BC6D42914D84E004721F1 /* AvatarView.swift */ = {isa = PBXFileReference; lastKnownFileType = sourcecode.swift; path = AvatarView.swift; sourceTree = "<group>"; };
		711BC6D62914D8A0004721F1 /* LikeControl.swift */ = {isa = PBXFileReference; lastKnownFileType = sourcecode.swift; path = LikeControl.swift; sourceTree = "<group>"; };
		7170FC90291E5AA400069CF2 /* CustomInteractiveTransition.swift */ = {isa = PBXFileReference; lastKnownFileType = sourcecode.swift; path = CustomInteractiveTransition.swift; sourceTree = "<group>"; };
		7170FC92291E5B1000069CF2 /* CustomPopAnimator.swift */ = {isa = PBXFileReference; lastKnownFileType = sourcecode.swift; path = CustomPopAnimator.swift; sourceTree = "<group>"; };
		7170FC94291E5B3500069CF2 /* CustomPushAnimator.swift */ = {isa = PBXFileReference; lastKnownFileType = sourcecode.swift; path = CustomPushAnimator.swift; sourceTree = "<group>"; };
		7170FC96291E5B8900069CF2 /* CustomViewController.swift */ = {isa = PBXFileReference; lastKnownFileType = sourcecode.swift; path = CustomViewController.swift; sourceTree = "<group>"; };
		7185152A2914AB3200944220 /* FriendsTableViewController.swift */ = {isa = PBXFileReference; lastKnownFileType = sourcecode.swift; path = FriendsTableViewController.swift; sourceTree = "<group>"; };
		718515302914ABDE00944220 /* Friend.swift */ = {isa = PBXFileReference; lastKnownFileType = sourcecode.swift; path = Friend.swift; sourceTree = "<group>"; };
		718515322914AD3E00944220 /* FriendsTableViewCell.swift */ = {isa = PBXFileReference; lastKnownFileType = sourcecode.swift; path = FriendsTableViewCell.swift; sourceTree = "<group>"; };
		71B001DA291B755600F250B4 /* NewsTableViewController.swift */ = {isa = PBXFileReference; lastKnownFileType = sourcecode.swift; path = NewsTableViewController.swift; sourceTree = "<group>"; };
		71B001DC291B75B000F250B4 /* NewsTableViewCell.swift */ = {isa = PBXFileReference; lastKnownFileType = sourcecode.swift; path = NewsTableViewCell.swift; sourceTree = "<group>"; };
		71B001DD291B75B000F250B4 /* NewsTableViewCell.xib */ = {isa = PBXFileReference; lastKnownFileType = file.xib; path = NewsTableViewCell.xib; sourceTree = "<group>"; };
		71B001E0291B82AD00F250B4 /* Post.swift */ = {isa = PBXFileReference; lastKnownFileType = sourcecode.swift; path = Post.swift; sourceTree = "<group>"; };
		71BBEBEA291CEE32004D797D /* FriendPhotoViewController.swift */ = {isa = PBXFileReference; lastKnownFileType = sourcecode.swift; path = FriendPhotoViewController.swift; sourceTree = "<group>"; };
		71CA78352912FEC500A39980 /* UIViewController + Extension.swift */ = {isa = PBXFileReference; lastKnownFileType = sourcecode.swift; path = "UIViewController + Extension.swift"; sourceTree = "<group>"; };
		71CA78372913054200A39980 /* Colors.xcassets */ = {isa = PBXFileReference; lastKnownFileType = folder.assetcatalog; path = Colors.xcassets; sourceTree = "<group>"; };
		71CFE852291C04DD00A4746C /* LoadDotsView.swift */ = {isa = PBXFileReference; lastKnownFileType = sourcecode.swift; path = LoadDotsView.swift; sourceTree = "<group>"; };
/* End PBXFileReference section */

/* Begin PBXFrameworksBuildPhase section */
		7112089B2911D1BA00E7784A /* Frameworks */ = {
			isa = PBXFrameworksBuildPhase;
			buildActionMask = 2147483647;
			files = (
			);
			runOnlyForDeploymentPostprocessing = 0;
		};
/* End PBXFrameworksBuildPhase section */

/* Begin PBXGroup section */
		711208952911D1BA00E7784A = {
			isa = PBXGroup;
			children = (
				711208A02911D1BA00E7784A /* vkHW */,
				7112089F2911D1BA00E7784A /* Products */,
			);
			sourceTree = "<group>";
		};
		7112089F2911D1BA00E7784A /* Products */ = {
			isa = PBXGroup;
			children = (
				7112089E2911D1BA00E7784A /* vkHW.app */,
			);
			name = Products;
			sourceTree = "<group>";
		};
		711208A02911D1BA00E7784A /* vkHW */ = {
			isa = PBXGroup;
			children = (
				711208A12911D1BA00E7784A /* AppDelegate.swift */,
				711208A32911D1BA00E7784A /* SceneDelegate.swift */,
				7185152F2914ABCA00944220 /* Models */,
				7185152C2914ABA900944220 /* Views */,
				71CA78342912FE8200A39980 /* Extensions */,
				711208B92911D32100E7784A /* Main.storyboard */,
				71CA78372913054200A39980 /* Colors.xcassets */,
				711208AA2911D1BB00E7784A /* Assets.xcassets */,
				711208AC2911D1BB00E7784A /* LaunchScreen.storyboard */,
				711208AF2911D1BB00E7784A /* Info.plist */,
			);
			path = vkHW;
			sourceTree = "<group>";
		};
		7170FC8F291E5A8D00069CF2 /* Transitions */ = {
			isa = PBXGroup;
			children = (
				7170FC90291E5AA400069CF2 /* CustomInteractiveTransition.swift */,
				7170FC92291E5B1000069CF2 /* CustomPopAnimator.swift */,
				7170FC94291E5B3500069CF2 /* CustomPushAnimator.swift */,
				7170FC96291E5B8900069CF2 /* CustomViewController.swift */,
			);
			path = Transitions;
			sourceTree = "<group>";
		};
		7185152C2914ABA900944220 /* Views */ = {
			isa = PBXGroup;
			children = (
				718515392914BD7900944220 /* Autorisation */,
				718515382914BD6800944220 /* Friends */,
				7185153A2914BD8A00944220 /* Groups */,
				7170FC8F291E5A8D00069CF2 /* Transitions */,
				71B001D9291B752C00F250B4 /* News */,
			);
			path = Views;
			sourceTree = "<group>";
		};
		7185152F2914ABCA00944220 /* Models */ = {
			isa = PBXGroup;
			children = (
				718515302914ABDE00944220 /* Friend.swift */,
				711BC6CE2914BF06004721F1 /* Group.swift */,
				71B001E0291B82AD00F250B4 /* Post.swift */,
			);
			path = Models;
			sourceTree = "<group>";
		};
		718515382914BD6800944220 /* Friends */ = {
			isa = PBXGroup;
			children = (
				7185152A2914AB3200944220 /* FriendsTableViewController.swift */,
				718515322914AD3E00944220 /* FriendsTableViewCell.swift */,
				71BBEBEA291CEE32004D797D /* FriendPhotoViewController.swift */,
				711BC6D42914D84E004721F1 /* AvatarView.swift */,
				711BC6D62914D8A0004721F1 /* LikeControl.swift */,
			);
			path = Friends;
			sourceTree = "<group>";
		};
		718515392914BD7900944220 /* Autorisation */ = {
			isa = PBXGroup;
			children = (
				711208B72911D30000E7784A /* LoginViewController.swift */,
				71CFE852291C04DD00A4746C /* LoadDotsView.swift */,
			);
			path = Autorisation;
			sourceTree = "<group>";
		};
		7185153A2914BD8A00944220 /* Groups */ = {
			isa = PBXGroup;
			children = (
				711BC6D02914BF48004721F1 /* GroupTableViewController.swift */,
				711BC6D22914C1B3004721F1 /* GroupTableViewCell.swift */,
			);
			path = Groups;
			sourceTree = "<group>";
		};
		71B001D9291B752C00F250B4 /* News */ = {
			isa = PBXGroup;
			children = (
				71B001DA291B755600F250B4 /* NewsTableViewController.swift */,
				71B001DC291B75B000F250B4 /* NewsTableViewCell.swift */,
				71B001DD291B75B000F250B4 /* NewsTableViewCell.xib */,
			);
			path = News;
			sourceTree = "<group>";
		};
		71CA78342912FE8200A39980 /* Extensions */ = {
			isa = PBXGroup;
			children = (
				71CA78352912FEC500A39980 /* UIViewController + Extension.swift */,
			);
			path = Extensions;
			sourceTree = "<group>";
		};
/* End PBXGroup section */

/* Begin PBXNativeTarget section */
		7112089D2911D1BA00E7784A /* vkHW */ = {
			isa = PBXNativeTarget;
			buildConfigurationList = 711208B22911D1BB00E7784A /* Build configuration list for PBXNativeTarget "vkHW" */;
			buildPhases = (
				7112089A2911D1BA00E7784A /* Sources */,
				7112089B2911D1BA00E7784A /* Frameworks */,
				7112089C2911D1BA00E7784A /* Resources */,
				711208B62911D24A00E7784A /* Swift Format */,
				711208B52911D20900E7784A /* Swift Lint */,
			);
			buildRules = (
			);
			dependencies = (
			);
			name = vkHW;
			productName = vkHW;
			productReference = 7112089E2911D1BA00E7784A /* vkHW.app */;
			productType = "com.apple.product-type.application";
		};
/* End PBXNativeTarget section */

/* Begin PBXProject section */
		711208962911D1BA00E7784A /* Project object */ = {
			isa = PBXProject;
			attributes = {
				BuildIndependentTargetsInParallel = 1;
				LastSwiftUpdateCheck = 1340;
				LastUpgradeCheck = 1340;
				TargetAttributes = {
					7112089D2911D1BA00E7784A = {
						CreatedOnToolsVersion = 13.4.1;
					};
				};
			};
			buildConfigurationList = 711208992911D1BA00E7784A /* Build configuration list for PBXProject "vkHW" */;
			compatibilityVersion = "Xcode 13.0";
			developmentRegion = en;
			hasScannedForEncodings = 0;
			knownRegions = (
				en,
				Base,
			);
			mainGroup = 711208952911D1BA00E7784A;
			productRefGroup = 7112089F2911D1BA00E7784A /* Products */;
			projectDirPath = "";
			projectRoot = "";
			targets = (
				7112089D2911D1BA00E7784A /* vkHW */,
			);
		};
/* End PBXProject section */

/* Begin PBXResourcesBuildPhase section */
		7112089C2911D1BA00E7784A /* Resources */ = {
			isa = PBXResourcesBuildPhase;
			buildActionMask = 2147483647;
			files = (
				711208AE2911D1BB00E7784A /* LaunchScreen.storyboard in Resources */,
				71CA78382913054200A39980 /* Colors.xcassets in Resources */,
				711208AB2911D1BB00E7784A /* Assets.xcassets in Resources */,
				711208BA2911D32100E7784A /* Main.storyboard in Resources */,
				71B001DF291B75B000F250B4 /* NewsTableViewCell.xib in Resources */,
			);
			runOnlyForDeploymentPostprocessing = 0;
		};
/* End PBXResourcesBuildPhase section */

/* Begin PBXShellScriptBuildPhase section */
		711208B52911D20900E7784A /* Swift Lint */ = {
			isa = PBXShellScriptBuildPhase;
			buildActionMask = 2147483647;
			files = (
			);
			inputFileListPaths = (
			);
			inputPaths = (
			);
			name = "Swift Lint";
			outputFileListPaths = (
			);
			outputPaths = (
			);
			runOnlyForDeploymentPostprocessing = 0;
			shellPath = /bin/sh;
			shellScript = "if which swiftlint > /dev/null; then\n  swiftlint\nelse\n  echo \"warning: SwiftLint not installed, download from https://github.com/realm/SwiftLint\"\nfi\n";
		};
		711208B62911D24A00E7784A /* Swift Format */ = {
			isa = PBXShellScriptBuildPhase;
			alwaysOutOfDate = 1;
			buildActionMask = 2147483647;
			files = (
			);
			inputFileListPaths = (
			);
			inputPaths = (
			);
			name = "Swift Format";
			outputFileListPaths = (
			);
			outputPaths = (
			);
			runOnlyForDeploymentPostprocessing = 0;
			shellPath = /bin/sh;
			shellScript = "if which swiftformat >/dev/null; then\n  swiftformat .\nelse\n  echo \"warning: SwiftFormat not installed, download from https://github.com/nicklockwood/SwiftFormat\"\nfi\n";
		};
/* End PBXShellScriptBuildPhase section */

/* Begin PBXSourcesBuildPhase section */
		7112089A2911D1BA00E7784A /* Sources */ = {
			isa = PBXSourcesBuildPhase;
			buildActionMask = 2147483647;
			files = (
				711208B82911D30000E7784A /* LoginViewController.swift in Sources */,
				71B001DE291B75B000F250B4 /* NewsTableViewCell.swift in Sources */,
				711BC6D72914D8A0004721F1 /* LikeControl.swift in Sources */,
				71B001E1291B82AD00F250B4 /* Post.swift in Sources */,
				7170FC93291E5B1000069CF2 /* CustomPopAnimator.swift in Sources */,
				71CA78362912FEC500A39980 /* UIViewController + Extension.swift in Sources */,
				711BC6D32914C1B3004721F1 /* GroupTableViewCell.swift in Sources */,
				711BC6D52914D84E004721F1 /* AvatarView.swift in Sources */,
				711BC6CF2914BF06004721F1 /* Group.swift in Sources */,
				711208A22911D1BA00E7784A /* AppDelegate.swift in Sources */,
				71BBEBEB291CEE32004D797D /* FriendPhotoViewController.swift in Sources */,
				71B001DB291B755600F250B4 /* NewsTableViewController.swift in Sources */,
				718515332914AD3E00944220 /* FriendsTableViewCell.swift in Sources */,
				7170FC95291E5B3500069CF2 /* CustomPushAnimator.swift in Sources */,
				718515312914ABDE00944220 /* Friend.swift in Sources */,
				7170FC97291E5B8900069CF2 /* CustomViewController.swift in Sources */,
				711208A42911D1BA00E7784A /* SceneDelegate.swift in Sources */,
				7170FC91291E5AA400069CF2 /* CustomInteractiveTransition.swift in Sources */,
				7185152B2914AB3200944220 /* FriendsTableViewController.swift in Sources */,
				71CFE853291C04DD00A4746C /* LoadDotsView.swift in Sources */,
				711BC6D12914BF48004721F1 /* GroupTableViewController.swift in Sources */,
			);
			runOnlyForDeploymentPostprocessing = 0;
		};
/* End PBXSourcesBuildPhase section */

/* Begin PBXVariantGroup section */
		711208AC2911D1BB00E7784A /* LaunchScreen.storyboard */ = {
			isa = PBXVariantGroup;
			children = (
				711208AD2911D1BB00E7784A /* Base */,
			);
			name = LaunchScreen.storyboard;
			sourceTree = "<group>";
		};
/* End PBXVariantGroup section */

/* Begin XCBuildConfiguration section */
		711208B02911D1BB00E7784A /* Debug */ = {
			isa = XCBuildConfiguration;
			buildSettings = {
				ALWAYS_SEARCH_USER_PATHS = NO;
				CLANG_ANALYZER_NONNULL = YES;
				CLANG_ANALYZER_NUMBER_OBJECT_CONVERSION = YES_AGGRESSIVE;
				CLANG_CXX_LANGUAGE_STANDARD = "gnu++17";
				CLANG_ENABLE_MODULES = YES;
				CLANG_ENABLE_OBJC_ARC = YES;
				CLANG_ENABLE_OBJC_WEAK = YES;
				CLANG_WARN_BLOCK_CAPTURE_AUTORELEASING = YES;
				CLANG_WARN_BOOL_CONVERSION = YES;
				CLANG_WARN_COMMA = YES;
				CLANG_WARN_CONSTANT_CONVERSION = YES;
				CLANG_WARN_DEPRECATED_OBJC_IMPLEMENTATIONS = YES;
				CLANG_WARN_DIRECT_OBJC_ISA_USAGE = YES_ERROR;
				CLANG_WARN_DOCUMENTATION_COMMENTS = YES;
				CLANG_WARN_EMPTY_BODY = YES;
				CLANG_WARN_ENUM_CONVERSION = YES;
				CLANG_WARN_INFINITE_RECURSION = YES;
				CLANG_WARN_INT_CONVERSION = YES;
				CLANG_WARN_NON_LITERAL_NULL_CONVERSION = YES;
				CLANG_WARN_OBJC_IMPLICIT_RETAIN_SELF = YES;
				CLANG_WARN_OBJC_LITERAL_CONVERSION = YES;
				CLANG_WARN_OBJC_ROOT_CLASS = YES_ERROR;
				CLANG_WARN_QUOTED_INCLUDE_IN_FRAMEWORK_HEADER = YES;
				CLANG_WARN_RANGE_LOOP_ANALYSIS = YES;
				CLANG_WARN_STRICT_PROTOTYPES = YES;
				CLANG_WARN_SUSPICIOUS_MOVE = YES;
				CLANG_WARN_UNGUARDED_AVAILABILITY = YES_AGGRESSIVE;
				CLANG_WARN_UNREACHABLE_CODE = YES;
				CLANG_WARN__DUPLICATE_METHOD_MATCH = YES;
				COPY_PHASE_STRIP = NO;
				DEBUG_INFORMATION_FORMAT = dwarf;
				ENABLE_STRICT_OBJC_MSGSEND = YES;
				ENABLE_TESTABILITY = YES;
				GCC_C_LANGUAGE_STANDARD = gnu11;
				GCC_DYNAMIC_NO_PIC = NO;
				GCC_NO_COMMON_BLOCKS = YES;
				GCC_OPTIMIZATION_LEVEL = 0;
				GCC_PREPROCESSOR_DEFINITIONS = (
					"DEBUG=1",
					"$(inherited)",
				);
				GCC_WARN_64_TO_32_BIT_CONVERSION = YES;
				GCC_WARN_ABOUT_RETURN_TYPE = YES_ERROR;
				GCC_WARN_UNDECLARED_SELECTOR = YES;
				GCC_WARN_UNINITIALIZED_AUTOS = YES_AGGRESSIVE;
				GCC_WARN_UNUSED_FUNCTION = YES;
				GCC_WARN_UNUSED_VARIABLE = YES;
				IPHONEOS_DEPLOYMENT_TARGET = 15.5;
				MTL_ENABLE_DEBUG_INFO = INCLUDE_SOURCE;
				MTL_FAST_MATH = YES;
				ONLY_ACTIVE_ARCH = YES;
				SDKROOT = iphoneos;
				SWIFT_ACTIVE_COMPILATION_CONDITIONS = DEBUG;
				SWIFT_OPTIMIZATION_LEVEL = "-Onone";
			};
			name = Debug;
		};
		711208B12911D1BB00E7784A /* Release */ = {
			isa = XCBuildConfiguration;
			buildSettings = {
				ALWAYS_SEARCH_USER_PATHS = NO;
				CLANG_ANALYZER_NONNULL = YES;
				CLANG_ANALYZER_NUMBER_OBJECT_CONVERSION = YES_AGGRESSIVE;
				CLANG_CXX_LANGUAGE_STANDARD = "gnu++17";
				CLANG_ENABLE_MODULES = YES;
				CLANG_ENABLE_OBJC_ARC = YES;
				CLANG_ENABLE_OBJC_WEAK = YES;
				CLANG_WARN_BLOCK_CAPTURE_AUTORELEASING = YES;
				CLANG_WARN_BOOL_CONVERSION = YES;
				CLANG_WARN_COMMA = YES;
				CLANG_WARN_CONSTANT_CONVERSION = YES;
				CLANG_WARN_DEPRECATED_OBJC_IMPLEMENTATIONS = YES;
				CLANG_WARN_DIRECT_OBJC_ISA_USAGE = YES_ERROR;
				CLANG_WARN_DOCUMENTATION_COMMENTS = YES;
				CLANG_WARN_EMPTY_BODY = YES;
				CLANG_WARN_ENUM_CONVERSION = YES;
				CLANG_WARN_INFINITE_RECURSION = YES;
				CLANG_WARN_INT_CONVERSION = YES;
				CLANG_WARN_NON_LITERAL_NULL_CONVERSION = YES;
				CLANG_WARN_OBJC_IMPLICIT_RETAIN_SELF = YES;
				CLANG_WARN_OBJC_LITERAL_CONVERSION = YES;
				CLANG_WARN_OBJC_ROOT_CLASS = YES_ERROR;
				CLANG_WARN_QUOTED_INCLUDE_IN_FRAMEWORK_HEADER = YES;
				CLANG_WARN_RANGE_LOOP_ANALYSIS = YES;
				CLANG_WARN_STRICT_PROTOTYPES = YES;
				CLANG_WARN_SUSPICIOUS_MOVE = YES;
				CLANG_WARN_UNGUARDED_AVAILABILITY = YES_AGGRESSIVE;
				CLANG_WARN_UNREACHABLE_CODE = YES;
				CLANG_WARN__DUPLICATE_METHOD_MATCH = YES;
				COPY_PHASE_STRIP = NO;
				DEBUG_INFORMATION_FORMAT = "dwarf-with-dsym";
				ENABLE_NS_ASSERTIONS = NO;
				ENABLE_STRICT_OBJC_MSGSEND = YES;
				GCC_C_LANGUAGE_STANDARD = gnu11;
				GCC_NO_COMMON_BLOCKS = YES;
				GCC_WARN_64_TO_32_BIT_CONVERSION = YES;
				GCC_WARN_ABOUT_RETURN_TYPE = YES_ERROR;
				GCC_WARN_UNDECLARED_SELECTOR = YES;
				GCC_WARN_UNINITIALIZED_AUTOS = YES_AGGRESSIVE;
				GCC_WARN_UNUSED_FUNCTION = YES;
				GCC_WARN_UNUSED_VARIABLE = YES;
				IPHONEOS_DEPLOYMENT_TARGET = 15.5;
				MTL_ENABLE_DEBUG_INFO = NO;
				MTL_FAST_MATH = YES;
				SDKROOT = iphoneos;
				SWIFT_COMPILATION_MODE = wholemodule;
				SWIFT_OPTIMIZATION_LEVEL = "-O";
				VALIDATE_PRODUCT = YES;
			};
			name = Release;
		};
		711208B32911D1BB00E7784A /* Debug */ = {
			isa = XCBuildConfiguration;
			buildSettings = {
				ASSETCATALOG_COMPILER_APPICON_NAME = AppIcon;
				ASSETCATALOG_COMPILER_GLOBAL_ACCENT_COLOR_NAME = AccentColor;
				CODE_SIGN_STYLE = Automatic;
				CURRENT_PROJECT_VERSION = 1;
				DEVELOPMENT_TEAM = 3ZCQU6CM8M;
				GENERATE_INFOPLIST_FILE = YES;
				INFOPLIST_FILE = vkHW/Info.plist;
				INFOPLIST_KEY_UIApplicationSupportsIndirectInputEvents = YES;
				INFOPLIST_KEY_UILaunchStoryboardName = LaunchScreen;
				INFOPLIST_KEY_UIMainStoryboardFile = Main;
				INFOPLIST_KEY_UISupportedInterfaceOrientations_iPad = "UIInterfaceOrientationPortrait UIInterfaceOrientationPortraitUpsideDown UIInterfaceOrientationLandscapeLeft UIInterfaceOrientationLandscapeRight";
				INFOPLIST_KEY_UISupportedInterfaceOrientations_iPhone = "UIInterfaceOrientationPortrait UIInterfaceOrientationLandscapeLeft UIInterfaceOrientationLandscapeRight";
				LD_RUNPATH_SEARCH_PATHS = (
					"$(inherited)",
					"@executable_path/Frameworks",
				);
				MARKETING_VERSION = 1.0;
				PRODUCT_BUNDLE_IDENTIFIER = ezguga.vkHW;
				PRODUCT_NAME = "$(TARGET_NAME)";
				SWIFT_EMIT_LOC_STRINGS = YES;
				SWIFT_VERSION = 5.0;
				TARGETED_DEVICE_FAMILY = "1,2";
			};
			name = Debug;
		};
		711208B42911D1BB00E7784A /* Release */ = {
			isa = XCBuildConfiguration;
			buildSettings = {
				ASSETCATALOG_COMPILER_APPICON_NAME = AppIcon;
				ASSETCATALOG_COMPILER_GLOBAL_ACCENT_COLOR_NAME = AccentColor;
				CODE_SIGN_STYLE = Automatic;
				CURRENT_PROJECT_VERSION = 1;
				DEVELOPMENT_TEAM = 3ZCQU6CM8M;
				GENERATE_INFOPLIST_FILE = YES;
				INFOPLIST_FILE = vkHW/Info.plist;
				INFOPLIST_KEY_UIApplicationSupportsIndirectInputEvents = YES;
				INFOPLIST_KEY_UILaunchStoryboardName = LaunchScreen;
				INFOPLIST_KEY_UIMainStoryboardFile = Main;
				INFOPLIST_KEY_UISupportedInterfaceOrientations_iPad = "UIInterfaceOrientationPortrait UIInterfaceOrientationPortraitUpsideDown UIInterfaceOrientationLandscapeLeft UIInterfaceOrientationLandscapeRight";
				INFOPLIST_KEY_UISupportedInterfaceOrientations_iPhone = "UIInterfaceOrientationPortrait UIInterfaceOrientationLandscapeLeft UIInterfaceOrientationLandscapeRight";
				LD_RUNPATH_SEARCH_PATHS = (
					"$(inherited)",
					"@executable_path/Frameworks",
				);
				MARKETING_VERSION = 1.0;
				PRODUCT_BUNDLE_IDENTIFIER = ezguga.vkHW;
				PRODUCT_NAME = "$(TARGET_NAME)";
				SWIFT_EMIT_LOC_STRINGS = YES;
				SWIFT_VERSION = 5.0;
				TARGETED_DEVICE_FAMILY = "1,2";
			};
			name = Release;
		};
/* End XCBuildConfiguration section */

/* Begin XCConfigurationList section */
		711208992911D1BA00E7784A /* Build configuration list for PBXProject "vkHW" */ = {
			isa = XCConfigurationList;
			buildConfigurations = (
				711208B02911D1BB00E7784A /* Debug */,
				711208B12911D1BB00E7784A /* Release */,
			);
			defaultConfigurationIsVisible = 0;
			defaultConfigurationName = Release;
		};
		711208B22911D1BB00E7784A /* Build configuration list for PBXNativeTarget "vkHW" */ = {
			isa = XCConfigurationList;
			buildConfigurations = (
				711208B32911D1BB00E7784A /* Debug */,
				711208B42911D1BB00E7784A /* Release */,
			);
			defaultConfigurationIsVisible = 0;
			defaultConfigurationName = Release;
		};
/* End XCConfigurationList section */
	};
	rootObject = 711208962911D1BA00E7784A /* Project object */;
}
